
Microsoft Visual Studio Solution File, Format Version 12.00
# Visual Studio Version 17
VisualStudioVersion = 17.1.32228.430
MinimumVisualStudioVersion = 10.0.40219.1
Project("{FAE04EC0-301F-11D3-BF4B-00C04F79EFBC}") = "FunWithDependencyProperties", "FunWithDependencyProperties\FunWithDependencyProperties.csproj", "{AF9A36FD-B5D6-4322-9378-98E3C77FBA5D}"
EndProject
Global
	GlobalSection(SolutionConfigurationPlatforms) = preSolution
		Debug|Any CPU = Debug|Any CPU
		Release|Any CPU = Release|Any CPU
	EndGlobalSection
	GlobalSection(ProjectConfigurationPlatforms) = postSolution
		{AF9A36FD-B5D6-4322-9378-98E3C77FBA5D}.Debug|Any CPU.ActiveCfg = Debug|Any CPU
		{AF9A36FD-B5D6-4322-9378-98E3C77FBA5D}.Debug|Any CPU.Build.0 = Debug|Any CPU
		{AF9A36FD-B5D6-4322-9378-98E3C77FBA5D}.Release|Any CPU.ActiveCfg = Release|Any CPU
		{AF9A36FD-B5D6-4322-9378-98E3C77FBA5D}.Release|Any CPU.Build.0 = Release|Any CPU
	EndGlobalSection
	GlobalSection(SolutionProperties) = preSolution
		HideSolutionNode = FALSE
	EndGlobalSection
	GlobalSection(ExtensibilityGlobals) = postSolution
		SolutionGuid = {3E8EEEE4-9839-4F73-B5CF-DE3489FB3D90}
	EndGlobalSection
EndGlobal
