
Microsoft Visual Studio Solution File, Format Version 12.00
# Visual Studio Version 16
VisualStudioVersion = 16.0.31105.61
MinimumVisualStudioVersion = 10.0.40219.1
Project("{FAE04EC0-301F-11D3-BF4B-00C04F79EFBC}") = "Ex1Solution", "Ex1Solution\Ex1Solution.csproj", "{22CC647D-D3B3-4600-AF2C-86D1562BBA3C}"
EndProject
Global
	GlobalSection(SolutionConfigurationPlatforms) = preSolution
		Debug|Any CPU = Debug|Any CPU
		Release|Any CPU = Release|Any CPU
	EndGlobalSection
	GlobalSection(ProjectConfigurationPlatforms) = postSolution
		{22CC647D-D3B3-4600-AF2C-86D1562BBA3C}.Debug|Any CPU.ActiveCfg = Debug|Any CPU
		{22CC647D-D3B3-4600-AF2C-86D1562BBA3C}.Debug|Any CPU.Build.0 = Debug|Any CPU
		{22CC647D-D3B3-4600-AF2C-86D1562BBA3C}.Release|Any CPU.ActiveCfg = Release|Any CPU
		{22CC647D-D3B3-4600-AF2C-86D1562BBA3C}.Release|Any CPU.Build.0 = Release|Any CPU
	EndGlobalSection
	GlobalSection(SolutionProperties) = preSolution
		HideSolutionNode = FALSE
	EndGlobalSection
	GlobalSection(ExtensibilityGlobals) = postSolution
		SolutionGuid = {CBE81D8E-29C4-4CB8-A22E-ECC7734A002A}
	EndGlobalSection
EndGlobal
