
Microsoft Visual Studio Solution File, Format Version 12.00
# Visual Studio Version 16
VisualStudioVersion = 16.0.31105.61
MinimumVisualStudioVersion = 10.0.40219.1
Project("{FAE04EC0-301F-11D3-BF4B-00C04F79EFBC}") = "BaseBones", "BaseBones\BaseBones.csproj", "{A070B1A9-503C-41A0-9E19-A268BF5B7F47}"
EndProject
Global
	GlobalSection(SolutionConfigurationPlatforms) = preSolution
		Debug|Any CPU = Debug|Any CPU
		Release|Any CPU = Release|Any CPU
	EndGlobalSection
	GlobalSection(ProjectConfigurationPlatforms) = postSolution
		{A070B1A9-503C-41A0-9E19-A268BF5B7F47}.Debug|Any CPU.ActiveCfg = Debug|Any CPU
		{A070B1A9-503C-41A0-9E19-A268BF5B7F47}.Debug|Any CPU.Build.0 = Debug|Any CPU
		{A070B1A9-503C-41A0-9E19-A268BF5B7F47}.Release|Any CPU.ActiveCfg = Release|Any CPU
		{A070B1A9-503C-41A0-9E19-A268BF5B7F47}.Release|Any CPU.Build.0 = Release|Any CPU
	EndGlobalSection
	GlobalSection(SolutionProperties) = preSolution
		HideSolutionNode = FALSE
	EndGlobalSection
	GlobalSection(ExtensibilityGlobals) = postSolution
		SolutionGuid = {E711D462-D2CC-4BE7-B646-D7674E85A78D}
	EndGlobalSection
EndGlobal
